// !$*UTF8*$!
{
	archiveVersion = 1;
	classes = {
	};
	objectVersion = 46;
	objects = {

/* Begin PBXBuildFile section */
		7015F6831AAD6C53004C58DD /* QuoteSaveViewController.swift in Sources */ = {isa = PBXBuildFile; fileRef = 7015F6821AAD6C53004C58DD /* QuoteSaveViewController.swift */; };
		7018F78E1AA6BE6300364B85 /* QuoteTableViewCell.swift in Sources */ = {isa = PBXBuildFile; fileRef = 7018F78D1AA6BE6300364B85 /* QuoteTableViewCell.swift */; };
		7045762B1AB23F8200870E78 /* SettingTableViewController.swift in Sources */ = {isa = PBXBuildFile; fileRef = 7045762A1AB23F8200870E78 /* SettingTableViewController.swift */; };
		705BABD01AA66C80003A20C5 /* QuotesTableViewController.swift in Sources */ = {isa = PBXBuildFile; fileRef = 705BABCF1AA66C80003A20C5 /* QuotesTableViewController.swift */; };
		7087CE521AA9975200190F73 /* QuoteDetailViewController.swift in Sources */ = {isa = PBXBuildFile; fileRef = 7087CE511AA9975200190F73 /* QuoteDetailViewController.swift */; };
		70C2E0F91AA66BDA00DD09B8 /* AppDelegate.swift in Sources */ = {isa = PBXBuildFile; fileRef = 70C2E0F81AA66BDA00DD09B8 /* AppDelegate.swift */; };
		70C2E0FC1AA66BDB00DD09B8 /* RememberMe.xcdatamodeld in Sources */ = {isa = PBXBuildFile; fileRef = 70C2E0FA1AA66BDA00DD09B8 /* RememberMe.xcdatamodeld */; };
		70C2E1011AA66BDB00DD09B8 /* Main.storyboard in Resources */ = {isa = PBXBuildFile; fileRef = 70C2E0FF1AA66BDB00DD09B8 /* Main.storyboard */; };
		70C2E1031AA66BDB00DD09B8 /* Images.xcassets in Resources */ = {isa = PBXBuildFile; fileRef = 70C2E1021AA66BDB00DD09B8 /* Images.xcassets */; };
		70C2E1061AA66BDB00DD09B8 /* LaunchScreen.xib in Resources */ = {isa = PBXBuildFile; fileRef = 70C2E1041AA66BDB00DD09B8 /* LaunchScreen.xib */; };
		70C2E1121AA66BDB00DD09B8 /* RememberMeTests.swift in Sources */ = {isa = PBXBuildFile; fileRef = 70C2E1111AA66BDB00DD09B8 /* RememberMeTests.swift */; };
		70D4CAAC1AA9294B001DAD20 /* StudyQuoteViewController.swift in Sources */ = {isa = PBXBuildFile; fileRef = 70D4CAAB1AA9294B001DAD20 /* StudyQuoteViewController.swift */; };
		70E15F721AB0FB3C003CC864 /* Quote.swift in Sources */ = {isa = PBXBuildFile; fileRef = 70E15F711AB0FB3C003CC864 /* Quote.swift */; };
		70E15F761AB0FBEA003CC864 /* QuoteGroup.swift in Sources */ = {isa = PBXBuildFile; fileRef = 70E15F751AB0FBEA003CC864 /* QuoteGroup.swift */; };
		70E9DCA21AAEC4FA00A8A4BE /* kjvdat.txt in Resources */ = {isa = PBXBuildFile; fileRef = 70E9DCA11AAEC4FA00A8A4BE /* kjvdat.txt */; };
		70E9DCB81AAF8B9700A8A4BE /* QuoteGroupsTableViewController.swift in Sources */ = {isa = PBXBuildFile; fileRef = 70E9DCB71AAF8B9700A8A4BE /* QuoteGroupsTableViewController.swift */; };
		70E9DCBA1AAF945300A8A4BE /* QuoteGroupTableViewCell.swift in Sources */ = {isa = PBXBuildFile; fileRef = 70E9DCB91AAF945300A8A4BE /* QuoteGroupTableViewCell.swift */; };
		70FBF4BC1AB3A69300A21861 /* ProfileViewController.swift in Sources */ = {isa = PBXBuildFile; fileRef = 70FBF4BB1AB3A69300A21861 /* ProfileViewController.swift */; };
/* End PBXBuildFile section */

/* Begin PBXContainerItemProxy section */
		70C2E10C1AA66BDB00DD09B8 /* PBXContainerItemProxy */ = {
			isa = PBXContainerItemProxy;
			containerPortal = 70C2E0EB1AA66BDA00DD09B8 /* Project object */;
			proxyType = 1;
			remoteGlobalIDString = 70C2E0F21AA66BDA00DD09B8;
			remoteInfo = RememberMe;
		};
/* End PBXContainerItemProxy section */

/* Begin PBXFileReference section */
		7015F6821AAD6C53004C58DD /* QuoteSaveViewController.swift */ = {isa = PBXFileReference; fileEncoding = 4; lastKnownFileType = sourcecode.swift; path = QuoteSaveViewController.swift; sourceTree = "<group>"; };
		7018F78D1AA6BE6300364B85 /* QuoteTableViewCell.swift */ = {isa = PBXFileReference; fileEncoding = 4; lastKnownFileType = sourcecode.swift; path = QuoteTableViewCell.swift; sourceTree = "<group>"; };
		7045762A1AB23F8200870E78 /* SettingTableViewController.swift */ = {isa = PBXFileReference; fileEncoding = 4; lastKnownFileType = sourcecode.swift; path = SettingTableViewController.swift; sourceTree = "<group>"; };
		705BABCF1AA66C80003A20C5 /* QuotesTableViewController.swift */ = {isa = PBXFileReference; fileEncoding = 4; lastKnownFileType = sourcecode.swift; path = QuotesTableViewController.swift; sourceTree = "<group>"; };
		7087CE511AA9975200190F73 /* QuoteDetailViewController.swift */ = {isa = PBXFileReference; fileEncoding = 4; lastKnownFileType = sourcecode.swift; path = QuoteDetailViewController.swift; sourceTree = "<group>"; };
		70C2E0F31AA66BDA00DD09B8 /* RememberMe.app */ = {isa = PBXFileReference; explicitFileType = wrapper.application; includeInIndex = 0; path = RememberMe.app; sourceTree = BUILT_PRODUCTS_DIR; };
		70C2E0F71AA66BDA00DD09B8 /* Info.plist */ = {isa = PBXFileReference; lastKnownFileType = text.plist.xml; path = Info.plist; sourceTree = "<group>"; };
		70C2E0F81AA66BDA00DD09B8 /* AppDelegate.swift */ = {isa = PBXFileReference; lastKnownFileType = sourcecode.swift; path = AppDelegate.swift; sourceTree = "<group>"; };
		70C2E0FB1AA66BDA00DD09B8 /* RememberMe.xcdatamodel */ = {isa = PBXFileReference; lastKnownFileType = wrapper.xcdatamodel; path = RememberMe.xcdatamodel; sourceTree = "<group>"; };
		70C2E1001AA66BDB00DD09B8 /* Base */ = {isa = PBXFileReference; lastKnownFileType = file.storyboard; name = Base; path = Base.lproj/Main.storyboard; sourceTree = "<group>"; };
		70C2E1021AA66BDB00DD09B8 /* Images.xcassets */ = {isa = PBXFileReference; lastKnownFileType = folder.assetcatalog; path = Images.xcassets; sourceTree = "<group>"; };
		70C2E1051AA66BDB00DD09B8 /* Base */ = {isa = PBXFileReference; lastKnownFileType = file.xib; name = Base; path = Base.lproj/LaunchScreen.xib; sourceTree = "<group>"; };
		70C2E10B1AA66BDB00DD09B8 /* RememberMeTests.xctest */ = {isa = PBXFileReference; explicitFileType = wrapper.cfbundle; includeInIndex = 0; path = RememberMeTests.xctest; sourceTree = BUILT_PRODUCTS_DIR; };
		70C2E1101AA66BDB00DD09B8 /* Info.plist */ = {isa = PBXFileReference; lastKnownFileType = text.plist.xml; path = Info.plist; sourceTree = "<group>"; };
		70C2E1111AA66BDB00DD09B8 /* RememberMeTests.swift */ = {isa = PBXFileReference; lastKnownFileType = sourcecode.swift; path = RememberMeTests.swift; sourceTree = "<group>"; };
		70D4CAAB1AA9294B001DAD20 /* StudyQuoteViewController.swift */ = {isa = PBXFileReference; fileEncoding = 4; lastKnownFileType = sourcecode.swift; path = StudyQuoteViewController.swift; sourceTree = "<group>"; };
		70E15F711AB0FB3C003CC864 /* Quote.swift */ = {isa = PBXFileReference; fileEncoding = 4; lastKnownFileType = sourcecode.swift; path = Quote.swift; sourceTree = "<group>"; };
		70E15F751AB0FBEA003CC864 /* QuoteGroup.swift */ = {isa = PBXFileReference; fileEncoding = 4; lastKnownFileType = sourcecode.swift; path = QuoteGroup.swift; sourceTree = "<group>"; };
		70E9DCA11AAEC4FA00A8A4BE /* kjvdat.txt */ = {isa = PBXFileReference; fileEncoding = 4; lastKnownFileType = text; path = kjvdat.txt; sourceTree = "<group>"; };
		70E9DCB71AAF8B9700A8A4BE /* QuoteGroupsTableViewController.swift */ = {isa = PBXFileReference; fileEncoding = 4; lastKnownFileType = sourcecode.swift; path = QuoteGroupsTableViewController.swift; sourceTree = "<group>"; };
		70E9DCB91AAF945300A8A4BE /* QuoteGroupTableViewCell.swift */ = {isa = PBXFileReference; fileEncoding = 4; lastKnownFileType = sourcecode.swift; path = QuoteGroupTableViewCell.swift; sourceTree = "<group>"; };
		70FBF4BB1AB3A69300A21861 /* ProfileViewController.swift */ = {isa = PBXFileReference; fileEncoding = 4; lastKnownFileType = sourcecode.swift; path = ProfileViewController.swift; sourceTree = "<group>"; };
/* End PBXFileReference section */

/* Begin PBXFrameworksBuildPhase section */
		70C2E0F01AA66BDA00DD09B8 /* Frameworks */ = {
			isa = PBXFrameworksBuildPhase;
			buildActionMask = 2147483647;
			files = (
			);
			runOnlyForDeploymentPostprocessing = 0;
		};
		70C2E1081AA66BDB00DD09B8 /* Frameworks */ = {
			isa = PBXFrameworksBuildPhase;
			buildActionMask = 2147483647;
			files = (
			);
			runOnlyForDeploymentPostprocessing = 0;
		};
/* End PBXFrameworksBuildPhase section */

/* Begin PBXGroup section */
		70C2E0EA1AA66BDA00DD09B8 = {
			isa = PBXGroup;
			children = (
				70C2E0F51AA66BDA00DD09B8 /* RememberMe */,
				70C2E10E1AA66BDB00DD09B8 /* RememberMeTests */,
				70C2E0F41AA66BDA00DD09B8 /* Products */,
			);
			sourceTree = "<group>";
		};
		70C2E0F41AA66BDA00DD09B8 /* Products */ = {
			isa = PBXGroup;
			children = (
				70C2E0F31AA66BDA00DD09B8 /* RememberMe.app */,
				70C2E10B1AA66BDB00DD09B8 /* RememberMeTests.xctest */,
			);
			name = Products;
			sourceTree = "<group>";
		};
		70C2E0F51AA66BDA00DD09B8 /* RememberMe */ = {
			isa = PBXGroup;
			children = (
				7087CE511AA9975200190F73 /* QuoteDetailViewController.swift */,
				7018F78D1AA6BE6300364B85 /* QuoteTableViewCell.swift */,
				70E9DCB91AAF945300A8A4BE /* QuoteGroupTableViewCell.swift */,
				70C2E0F81AA66BDA00DD09B8 /* AppDelegate.swift */,
				705BABCF1AA66C80003A20C5 /* QuotesTableViewController.swift */,
				70C2E0FF1AA66BDB00DD09B8 /* Main.storyboard */,
				70FBF4BB1AB3A69300A21861 /* ProfileViewController.swift */,
				7045762A1AB23F8200870E78 /* SettingTableViewController.swift */,
				70E9DCB71AAF8B9700A8A4BE /* QuoteGroupsTableViewController.swift */,
				7015F6821AAD6C53004C58DD /* QuoteSaveViewController.swift */,
				70D4CAAB1AA9294B001DAD20 /* StudyQuoteViewController.swift */,
				70C2E1021AA66BDB00DD09B8 /* Images.xcassets */,
				70C2E1041AA66BDB00DD09B8 /* LaunchScreen.xib */,
				70C2E0FA1AA66BDA00DD09B8 /* RememberMe.xcdatamodeld */,
				70E15F751AB0FBEA003CC864 /* QuoteGroup.swift */,
				70E15F711AB0FB3C003CC864 /* Quote.swift */,
				70C2E0F61AA66BDA00DD09B8 /* Supporting Files */,
			);
			path = RememberMe;
			sourceTree = "<group>";
		};
		70C2E0F61AA66BDA00DD09B8 /* Supporting Files */ = {
			isa = PBXGroup;
			children = (
				70E9DCA11AAEC4FA00A8A4BE /* kjvdat.txt */,
				70C2E0F71AA66BDA00DD09B8 /* Info.plist */,
			);
			name = "Supporting Files";
			sourceTree = "<group>";
		};
		70C2E10E1AA66BDB00DD09B8 /* RememberMeTests */ = {
			isa = PBXGroup;
			children = (
				70C2E1111AA66BDB00DD09B8 /* RememberMeTests.swift */,
				70C2E10F1AA66BDB00DD09B8 /* Supporting Files */,
			);
			path = RememberMeTests;
			sourceTree = "<group>";
		};
		70C2E10F1AA66BDB00DD09B8 /* Supporting Files */ = {
			isa = PBXGroup;
			children = (
				70C2E1101AA66BDB00DD09B8 /* Info.plist */,
			);
			name = "Supporting Files";
			sourceTree = "<group>";
		};
/* End PBXGroup section */

/* Begin PBXNativeTarget section */
		70C2E0F21AA66BDA00DD09B8 /* RememberMe */ = {
			isa = PBXNativeTarget;
			buildConfigurationList = 70C2E1151AA66BDB00DD09B8 /* Build configuration list for PBXNativeTarget "RememberMe" */;
			buildPhases = (
				70C2E0EF1AA66BDA00DD09B8 /* Sources */,
				70C2E0F01AA66BDA00DD09B8 /* Frameworks */,
				70C2E0F11AA66BDA00DD09B8 /* Resources */,
			);
			buildRules = (
			);
			dependencies = (
			);
			name = RememberMe;
			productName = RememberMe;
			productReference = 70C2E0F31AA66BDA00DD09B8 /* RememberMe.app */;
			productType = "com.apple.product-type.application";
		};
		70C2E10A1AA66BDB00DD09B8 /* RememberMeTests */ = {
			isa = PBXNativeTarget;
			buildConfigurationList = 70C2E1181AA66BDB00DD09B8 /* Build configuration list for PBXNativeTarget "RememberMeTests" */;
			buildPhases = (
				70C2E1071AA66BDB00DD09B8 /* Sources */,
				70C2E1081AA66BDB00DD09B8 /* Frameworks */,
				70C2E1091AA66BDB00DD09B8 /* Resources */,
			);
			buildRules = (
			);
			dependencies = (
				70C2E10D1AA66BDB00DD09B8 /* PBXTargetDependency */,
			);
			name = RememberMeTests;
			productName = RememberMeTests;
			productReference = 70C2E10B1AA66BDB00DD09B8 /* RememberMeTests.xctest */;
			productType = "com.apple.product-type.bundle.unit-test";
		};
/* End PBXNativeTarget section */

/* Begin PBXProject section */
		70C2E0EB1AA66BDA00DD09B8 /* Project object */ = {
			isa = PBXProject;
			attributes = {
				LastUpgradeCheck = 0610;
				ORGANIZATIONNAME = "Edric Kyauk";
				TargetAttributes = {
					70C2E0F21AA66BDA00DD09B8 = {
						CreatedOnToolsVersion = 6.1.1;
					};
					70C2E10A1AA66BDB00DD09B8 = {
						CreatedOnToolsVersion = 6.1.1;
						TestTargetID = 70C2E0F21AA66BDA00DD09B8;
					};
				};
			};
			buildConfigurationList = 70C2E0EE1AA66BDA00DD09B8 /* Build configuration list for PBXProject "RememberMe" */;
			compatibilityVersion = "Xcode 3.2";
			developmentRegion = English;
			hasScannedForEncodings = 0;
			knownRegions = (
				en,
				Base,
			);
			mainGroup = 70C2E0EA1AA66BDA00DD09B8;
			productRefGroup = 70C2E0F41AA66BDA00DD09B8 /* Products */;
			projectDirPath = "";
			projectRoot = "";
			targets = (
				70C2E0F21AA66BDA00DD09B8 /* RememberMe */,
				70C2E10A1AA66BDB00DD09B8 /* RememberMeTests */,
			);
		};
/* End PBXProject section */

/* Begin PBXResourcesBuildPhase section */
		70C2E0F11AA66BDA00DD09B8 /* Resources */ = {
			isa = PBXResourcesBuildPhase;
			buildActionMask = 2147483647;
			files = (
				70E9DCA21AAEC4FA00A8A4BE /* kjvdat.txt in Resources */,
				70C2E1011AA66BDB00DD09B8 /* Main.storyboard in Resources */,
				70C2E1061AA66BDB00DD09B8 /* LaunchScreen.xib in Resources */,
				70C2E1031AA66BDB00DD09B8 /* Images.xcassets in Resources */,
			);
			runOnlyForDeploymentPostprocessing = 0;
		};
		70C2E1091AA66BDB00DD09B8 /* Resources */ = {
			isa = PBXResourcesBuildPhase;
			buildActionMask = 2147483647;
			files = (
			);
			runOnlyForDeploymentPostprocessing = 0;
		};
/* End PBXResourcesBuildPhase section */

/* Begin PBXSourcesBuildPhase section */
		70C2E0EF1AA66BDA00DD09B8 /* Sources */ = {
			isa = PBXSourcesBuildPhase;
			buildActionMask = 2147483647;
			files = (
				70FBF4BC1AB3A69300A21861 /* ProfileViewController.swift in Sources */,
				7045762B1AB23F8200870E78 /* SettingTableViewController.swift in Sources */,
				7087CE521AA9975200190F73 /* QuoteDetailViewController.swift in Sources */,
				70C2E0FC1AA66BDB00DD09B8 /* RememberMe.xcdatamodeld in Sources */,
				7018F78E1AA6BE6300364B85 /* QuoteTableViewCell.swift in Sources */,
				70E9DCB81AAF8B9700A8A4BE /* QuoteGroupsTableViewController.swift in Sources */,
				705BABD01AA66C80003A20C5 /* QuotesTableViewController.swift in Sources */,
				70E9DCBA1AAF945300A8A4BE /* QuoteGroupTableViewCell.swift in Sources */,
				7015F6831AAD6C53004C58DD /* QuoteSaveViewController.swift in Sources */,
				70C2E0F91AA66BDA00DD09B8 /* AppDelegate.swift in Sources */,
				70E15F721AB0FB3C003CC864 /* Quote.swift in Sources */,
				70D4CAAC1AA9294B001DAD20 /* StudyQuoteViewController.swift in Sources */,
				70E15F761AB0FBEA003CC864 /* QuoteGroup.swift in Sources */,
			);
			runOnlyForDeploymentPostprocessing = 0;
		};
		70C2E1071AA66BDB00DD09B8 /* Sources */ = {
			isa = PBXSourcesBuildPhase;
			buildActionMask = 2147483647;
			files = (
				70C2E1121AA66BDB00DD09B8 /* RememberMeTests.swift in Sources */,
			);
			runOnlyForDeploymentPostprocessing = 0;
		};
/* End PBXSourcesBuildPhase section */

/* Begin PBXTargetDependency section */
		70C2E10D1AA66BDB00DD09B8 /* PBXTargetDependency */ = {
			isa = PBXTargetDependency;
			target = 70C2E0F21AA66BDA00DD09B8 /* RememberMe */;
			targetProxy = 70C2E10C1AA66BDB00DD09B8 /* PBXContainerItemProxy */;
		};
/* End PBXTargetDependency section */

/* Begin PBXVariantGroup section */
		70C2E0FF1AA66BDB00DD09B8 /* Main.storyboard */ = {
			isa = PBXVariantGroup;
			children = (
				70C2E1001AA66BDB00DD09B8 /* Base */,
			);
			name = Main.storyboard;
			sourceTree = "<group>";
		};
		70C2E1041AA66BDB00DD09B8 /* LaunchScreen.xib */ = {
			isa = PBXVariantGroup;
			children = (
				70C2E1051AA66BDB00DD09B8 /* Base */,
			);
			name = LaunchScreen.xib;
			sourceTree = "<group>";
		};
/* End PBXVariantGroup section */

/* Begin XCBuildConfiguration section */
		70C2E1131AA66BDB00DD09B8 /* Debug */ = {
			isa = XCBuildConfiguration;
			buildSettings = {
				ALWAYS_SEARCH_USER_PATHS = NO;
				CLANG_CXX_LANGUAGE_STANDARD = "gnu++0x";
				CLANG_CXX_LIBRARY = "libc++";
				CLANG_ENABLE_MODULES = YES;
				CLANG_ENABLE_OBJC_ARC = YES;
				CLANG_WARN_BOOL_CONVERSION = YES;
				CLANG_WARN_CONSTANT_CONVERSION = YES;
				CLANG_WARN_DIRECT_OBJC_ISA_USAGE = YES_ERROR;
				CLANG_WARN_EMPTY_BODY = YES;
				CLANG_WARN_ENUM_CONVERSION = YES;
				CLANG_WARN_INT_CONVERSION = YES;
				CLANG_WARN_OBJC_ROOT_CLASS = YES_ERROR;
				CLANG_WARN_UNREACHABLE_CODE = YES;
				CLANG_WARN__DUPLICATE_METHOD_MATCH = YES;
				"CODE_SIGN_IDENTITY[sdk=iphoneos*]" = "iPhone Developer";
				COPY_PHASE_STRIP = NO;
				ENABLE_STRICT_OBJC_MSGSEND = YES;
				GCC_C_LANGUAGE_STANDARD = gnu99;
				GCC_DYNAMIC_NO_PIC = NO;
				GCC_OPTIMIZATION_LEVEL = 0;
				GCC_PREPROCESSOR_DEFINITIONS = (
					"DEBUG=1",
					"$(inherited)",
				);
				GCC_SYMBOLS_PRIVATE_EXTERN = NO;
				GCC_WARN_64_TO_32_BIT_CONVERSION = YES;
				GCC_WARN_ABOUT_RETURN_TYPE = YES_ERROR;
				GCC_WARN_UNDECLARED_SELECTOR = YES;
				GCC_WARN_UNINITIALIZED_AUTOS = YES_AGGRESSIVE;
				GCC_WARN_UNUSED_FUNCTION = YES;
				GCC_WARN_UNUSED_VARIABLE = YES;
				IPHONEOS_DEPLOYMENT_TARGET = 8.1;
				MTL_ENABLE_DEBUG_INFO = YES;
				ONLY_ACTIVE_ARCH = YES;
				SDKROOT = iphoneos;
				SWIFT_OPTIMIZATION_LEVEL = "-Onone";
				TARGETED_DEVICE_FAMILY = "1,2";
			};
			name = Debug;
		};
		70C2E1141AA66BDB00DD09B8 /* Release */ = {
			isa = XCBuildConfiguration;
			buildSettings = {
				ALWAYS_SEARCH_USER_PATHS = NO;
				CLANG_CXX_LANGUAGE_STANDARD = "gnu++0x";
				CLANG_CXX_LIBRARY = "libc++";
				CLANG_ENABLE_MODULES = YES;
				CLANG_ENABLE_OBJC_ARC = YES;
				CLANG_WARN_BOOL_CONVERSION = YES;
				CLANG_WARN_CONSTANT_CONVERSION = YES;
				CLANG_WARN_DIRECT_OBJC_ISA_USAGE = YES_ERROR;
				CLANG_WARN_EMPTY_BODY = YES;
				CLANG_WARN_ENUM_CONVERSION = YES;
				CLANG_WARN_INT_CONVERSION = YES;
				CLANG_WARN_OBJC_ROOT_CLASS = YES_ERROR;
				CLANG_WARN_UNREACHABLE_CODE = YES;
				CLANG_WARN__DUPLICATE_METHOD_MATCH = YES;
				"CODE_SIGN_IDENTITY[sdk=iphoneos*]" = "iPhone Developer";
				COPY_PHASE_STRIP = YES;
				ENABLE_NS_ASSERTIONS = NO;
				ENABLE_STRICT_OBJC_MSGSEND = YES;
				GCC_C_LANGUAGE_STANDARD = gnu99;
				GCC_WARN_64_TO_32_BIT_CONVERSION = YES;
				GCC_WARN_ABOUT_RETURN_TYPE = YES_ERROR;
				GCC_WARN_UNDECLARED_SELECTOR = YES;
				GCC_WARN_UNINITIALIZED_AUTOS = YES_AGGRESSIVE;
				GCC_WARN_UNUSED_FUNCTION = YES;
				GCC_WARN_UNUSED_VARIABLE = YES;
				IPHONEOS_DEPLOYMENT_TARGET = 8.1;
				MTL_ENABLE_DEBUG_INFO = NO;
				SDKROOT = iphoneos;
				TARGETED_DEVICE_FAMILY = "1,2";
				VALIDATE_PRODUCT = YES;
			};
			name = Release;
		};
		70C2E1161AA66BDB00DD09B8 /* Debug */ = {
			isa = XCBuildConfiguration;
			buildSettings = {
				ASSETCATALOG_COMPILER_APPICON_NAME = AppIcon;
				INFOPLIST_FILE = RememberMe/Info.plist;
				IPHONEOS_DEPLOYMENT_TARGET = 8.1;
				LD_RUNPATH_SEARCH_PATHS = "$(inherited) @executable_path/Frameworks";
				PRODUCT_NAME = "$(TARGET_NAME)";
			};
			name = Debug;
		};
		70C2E1171AA66BDB00DD09B8 /* Release */ = {
			isa = XCBuildConfiguration;
			buildSettings = {
				ASSETCATALOG_COMPILER_APPICON_NAME = AppIcon;
				INFOPLIST_FILE = RememberMe/Info.plist;
				IPHONEOS_DEPLOYMENT_TARGET = 8.1;
				LD_RUNPATH_SEARCH_PATHS = "$(inherited) @executable_path/Frameworks";
				PRODUCT_NAME = "$(TARGET_NAME)";
			};
			name = Release;
		};
		70C2E1191AA66BDB00DD09B8 /* Debug */ = {
			isa = XCBuildConfiguration;
			buildSettings = {
				BUNDLE_LOADER = "$(TEST_HOST)";
				FRAMEWORK_SEARCH_PATHS = (
					"$(SDKROOT)/Developer/Library/Frameworks",
					"$(inherited)",
				);
				GCC_PREPROCESSOR_DEFINITIONS = (
					"DEBUG=1",
					"$(inherited)",
				);
				INFOPLIST_FILE = RememberMeTests/Info.plist;
				LD_RUNPATH_SEARCH_PATHS = "$(inherited) @executable_path/Frameworks @loader_path/Frameworks";
				PRODUCT_NAME = "$(TARGET_NAME)";
				TEST_HOST = "$(BUILT_PRODUCTS_DIR)/RememberMe.app/RememberMe";
			};
			name = Debug;
		};
		70C2E11A1AA66BDB00DD09B8 /* Release */ = {
			isa = XCBuildConfiguration;
			buildSettings = {
				BUNDLE_LOADER = "$(TEST_HOST)";
				FRAMEWORK_SEARCH_PATHS = (
					"$(SDKROOT)/Developer/Library/Frameworks",
					"$(inherited)",
				);
				INFOPLIST_FILE = RememberMeTests/Info.plist;
				LD_RUNPATH_SEARCH_PATHS = "$(inherited) @executable_path/Frameworks @loader_path/Frameworks";
				PRODUCT_NAME = "$(TARGET_NAME)";
				TEST_HOST = "$(BUILT_PRODUCTS_DIR)/RememberMe.app/RememberMe";
			};
			name = Release;
		};
/* End XCBuildConfiguration section */

/* Begin XCConfigurationList section */
		70C2E0EE1AA66BDA00DD09B8 /* Build configuration list for PBXProject "RememberMe" */ = {
			isa = XCConfigurationList;
			buildConfigurations = (
				70C2E1131AA66BDB00DD09B8 /* Debug */,
				70C2E1141AA66BDB00DD09B8 /* Release */,
			);
			defaultConfigurationIsVisible = 0;
			defaultConfigurationName = Release;
		};
		70C2E1151AA66BDB00DD09B8 /* Build configuration list for PBXNativeTarget "RememberMe" */ = {
			isa = XCConfigurationList;
			buildConfigurations = (
				70C2E1161AA66BDB00DD09B8 /* Debug */,
				70C2E1171AA66BDB00DD09B8 /* Release */,
			);
			defaultConfigurationIsVisible = 0;
			defaultConfigurationName = Release;
		};
		70C2E1181AA66BDB00DD09B8 /* Build configuration list for PBXNativeTarget "RememberMeTests" */ = {
			isa = XCConfigurationList;
			buildConfigurations = (
				70C2E1191AA66BDB00DD09B8 /* Debug */,
				70C2E11A1AA66BDB00DD09B8 /* Release */,
			);
			defaultConfigurationIsVisible = 0;
			defaultConfigurationName = Release;
		};
/* End XCConfigurationList section */

/* Begin XCVersionGroup section */
		70C2E0FA1AA66BDA00DD09B8 /* RememberMe.xcdatamodeld */ = {
			isa = XCVersionGroup;
			children = (
				70C2E0FB1AA66BDA00DD09B8 /* RememberMe.xcdatamodel */,
			);
			currentVersion = 70C2E0FB1AA66BDA00DD09B8 /* RememberMe.xcdatamodel */;
			path = RememberMe.xcdatamodeld;
			sourceTree = "<group>";
			versionGroupType = wrapper.xcdatamodel;
		};
/* End XCVersionGroup section */
	};
	rootObject = 70C2E0EB1AA66BDA00DD09B8 /* Project object */;
}
